// !$*UTF8*$!
{
	archiveVersion = 1;
	classes = {
	};
	objectVersion = 46;
	objects = {

/* Begin PBXBuildFile section */
		8708FD731BD8D5A4001CD5EC /* RCTUtils.h in CopyFiles */ = {isa = PBXBuildFile; fileRef = 8708FD721BD8D5A4001CD5EC /* RCTUtils.h */; };
		8708FD751BD8D5A4001CD5EC /* RCTUtils.m in Sources */ = {isa = PBXBuildFile; fileRef = 8708FD741BD8D5A4001CD5EC /* RCTUtils.m */; };
/* End PBXBuildFile section */

/* Begin PBXCopyFilesBuildPhase section */
		8708FD6D1BD8D5A4001CD5EC /* CopyFiles */ = {
			isa = PBXCopyFilesBuildPhase;
			buildActionMask = 2147483647;
			dstPath = "include/$(PRODUCT_NAME)";
			dstSubfolderSpec = 16;
			files = (
				8708FD731BD8D5A4001CD5EC /* RCTUtils.h in CopyFiles */,
			);
			runOnlyForDeploymentPostprocessing = 0;
		};
/* End PBXCopyFilesBuildPhase section */

/* Begin PBXFileReference section */
		8708FD6F1BD8D5A4001CD5EC /* librnutils.a */ = {isa = PBXFileReference; explicitFileType = archive.ar; includeInIndex = 0; path = librnutils.a; sourceTree = BUILT_PRODUCTS_DIR; };
		8708FD721BD8D5A4001CD5EC /* RCTUtils.h */ = {isa = PBXFileReference; lastKnownFileType = sourcecode.c.h; path = RCTUtils.h; sourceTree = "<group>"; };
		8708FD741BD8D5A4001CD5EC /* RCTUtils.m */ = {isa = PBXFileReference; lastKnownFileType = sourcecode.c.objc; path = RCTUtils.m; sourceTree = "<group>"; };
/* End PBXFileReference section */

/* Begin PBXFrameworksBuildPhase section */
		8708FD6C1BD8D5A4001CD5EC /* Frameworks */ = {
			isa = PBXFrameworksBuildPhase;
			buildActionMask = 2147483647;
			files = (
			);
			runOnlyForDeploymentPostprocessing = 0;
		};
/* End PBXFrameworksBuildPhase section */

/* Begin PBXGroup section */
		8708FD661BD8D5A4001CD5EC = {
			isa = PBXGroup;
			children = (
				8708FD711BD8D5A4001CD5EC /* rnutils */,
				8708FD701BD8D5A4001CD5EC /* Products */,
			);
			sourceTree = "<group>";
		};
		8708FD701BD8D5A4001CD5EC /* Products */ = {
			isa = PBXGroup;
			children = (
				8708FD6F1BD8D5A4001CD5EC /* librnutils.a */,
			);
			name = Products;
			sourceTree = "<group>";
		};
		8708FD711BD8D5A4001CD5EC /* rnutils */ = {
			isa = PBXGroup;
			children = (
				8708FD721BD8D5A4001CD5EC /* RCTUtils.h */,
				8708FD741BD8D5A4001CD5EC /* RCTUtils.m */,
			);
			path = rnutils;
			sourceTree = "<group>";
		};
/* End PBXGroup section */

/* Begin PBXNativeTarget section */
		8708FD6E1BD8D5A4001CD5EC /* rnutils */ = {
			isa = PBXNativeTarget;
			buildConfigurationList = 8708FD781BD8D5A4001CD5EC /* Build configuration list for PBXNativeTarget "rnutils" */;
			buildPhases = (
				8708FD6B1BD8D5A4001CD5EC /* Sources */,
				8708FD6C1BD8D5A4001CD5EC /* Frameworks */,
				8708FD6D1BD8D5A4001CD5EC /* CopyFiles */,
			);
			buildRules = (
			);
			dependencies = (
			);
			name = rnutils;
			productName = rnutils;
			productReference = 8708FD6F1BD8D5A4001CD5EC /* librnutils.a */;
			productType = "com.apple.product-type.library.static";
		};
/* End PBXNativeTarget section */

/* Begin PBXProject section */
		8708FD671BD8D5A4001CD5EC /* Project object */ = {
			isa = PBXProject;
			attributes = {
				LastUpgradeCheck = 0710;
				ORGANIZATIONNAME = "Rishabh Mehan";
				TargetAttributes = {
					8708FD6E1BD8D5A4001CD5EC = {
						CreatedOnToolsVersion = 7.1;
					};
				};
			};
			buildConfigurationList = 8708FD6A1BD8D5A4001CD5EC /* Build configuration list for PBXProject "rnutils" */;
			compatibilityVersion = "Xcode 3.2";
			developmentRegion = English;
			hasScannedForEncodings = 0;
			knownRegions = (
				en,
			);
			mainGroup = 8708FD661BD8D5A4001CD5EC;
			productRefGroup = 8708FD701BD8D5A4001CD5EC /* Products */;
			projectDirPath = "";
			projectRoot = "";
			targets = (
				8708FD6E1BD8D5A4001CD5EC /* rnutils */,
			);
		};
/* End PBXProject section */

/* Begin PBXSourcesBuildPhase section */
		8708FD6B1BD8D5A4001CD5EC /* Sources */ = {
			isa = PBXSourcesBuildPhase;
			buildActionMask = 2147483647;
			files = (
				8708FD751BD8D5A4001CD5EC /* RCTUtils.m in Sources */,
			);
			runOnlyForDeploymentPostprocessing = 0;
		};
/* End PBXSourcesBuildPhase section */

/* Begin XCBuildConfiguration section */
		8708FD761BD8D5A4001CD5EC /* Debug */ = {
			isa = XCBuildConfiguration;
			buildSettings = {
				ALWAYS_SEARCH_USER_PATHS = NO;
				CLANG_CXX_LANGUAGE_STANDARD = "gnu++0x";
				CLANG_CXX_LIBRARY = "libc++";
				CLANG_ENABLE_MODULES = YES;
				CLANG_ENABLE_OBJC_ARC = YES;
				CLANG_WARN_BOOL_CONVERSION = YES;
				CLANG_WARN_CONSTANT_CONVERSION = YES;
				CLANG_WARN_DIRECT_OBJC_ISA_USAGE = YES_ERROR;
				CLANG_WARN_EMPTY_BODY = YES;
				CLANG_WARN_ENUM_CONVERSION = YES;
				CLANG_WARN_INT_CONVERSION = YES;
				CLANG_WARN_OBJC_ROOT_CLASS = YES_ERROR;
				CLANG_WARN_UNREACHABLE_CODE = YES;
				CLANG_WARN__DUPLICATE_METHOD_MATCH = YES;
				"CODE_SIGN_IDENTITY[sdk=iphoneos*]" = "iPhone Developer";
				COPY_PHASE_STRIP = NO;
				DEBUG_INFORMATION_FORMAT = dwarf;
				ENABLE_STRICT_OBJC_MSGSEND = YES;
				ENABLE_TESTABILITY = YES;
				GCC_C_LANGUAGE_STANDARD = gnu99;
				GCC_DYNAMIC_NO_PIC = NO;
				GCC_NO_COMMON_BLOCKS = YES;
				GCC_OPTIMIZATION_LEVEL = 0;
				GCC_PREPROCESSOR_DEFINITIONS = (
					"DEBUG=1",
					"$(inherited)",
				);
				GCC_WARN_64_TO_32_BIT_CONVERSION = YES;
				GCC_WARN_ABOUT_RETURN_TYPE = YES_ERROR;
				GCC_WARN_UNDECLARED_SELECTOR = YES;
				GCC_WARN_UNINITIALIZED_AUTOS = YES_AGGRESSIVE;
				GCC_WARN_UNUSED_FUNCTION = YES;
				GCC_WARN_UNUSED_VARIABLE = YES;
				IPHONEOS_DEPLOYMENT_TARGET = 9.1;
				MTL_ENABLE_DEBUG_INFO = YES;
				ONLY_ACTIVE_ARCH = YES;
				SDKROOT = iphoneos;
			};
			name = Debug;
		};
		8708FD771BD8D5A4001CD5EC /* Release */ = {
			isa = XCBuildConfiguration;
			buildSettings = {
				ALWAYS_SEARCH_USER_PATHS = NO;
				CLANG_CXX_LANGUAGE_STANDARD = "gnu++0x";
				CLANG_CXX_LIBRARY = "libc++";
				CLANG_ENABLE_MODULES = YES;
				CLANG_ENABLE_OBJC_ARC = YES;
				CLANG_WARN_BOOL_CONVERSION = YES;
				CLANG_WARN_CONSTANT_CONVERSION = YES;
				CLANG_WARN_DIRECT_OBJC_ISA_USAGE = YES_ERROR;
				CLANG_WARN_EMPTY_BODY = YES;
				CLANG_WARN_ENUM_CONVERSION = YES;
				CLANG_WARN_INT_CONVERSION = YES;
				CLANG_WARN_OBJC_ROOT_CLASS = YES_ERROR;
				CLANG_WARN_UNREACHABLE_CODE = YES;
				CLANG_WARN__DUPLICATE_METHOD_MATCH = YES;
				"CODE_SIGN_IDENTITY[sdk=iphoneos*]" = "iPhone Developer";
				COPY_PHASE_STRIP = NO;
				DEBUG_INFORMATION_FORMAT = "dwarf-with-dsym";
				ENABLE_NS_ASSERTIONS = NO;
				ENABLE_STRICT_OBJC_MSGSEND = YES;
				GCC_C_LANGUAGE_STANDARD = gnu99;
				GCC_NO_COMMON_BLOCKS = YES;
				GCC_WARN_64_TO_32_BIT_CONVERSION = YES;
				GCC_WARN_ABOUT_RETURN_TYPE = YES_ERROR;
				GCC_WARN_UNDECLARED_SELECTOR = YES;
				GCC_WARN_UNINITIALIZED_AUTOS = YES_AGGRESSIVE;
				GCC_WARN_UNUSED_FUNCTION = YES;
				GCC_WARN_UNUSED_VARIABLE = YES;
				IPHONEOS_DEPLOYMENT_TARGET = 9.1;
				MTL_ENABLE_DEBUG_INFO = NO;
				SDKROOT = iphoneos;
				VALIDATE_PRODUCT = YES;
			};
			name = Release;
		};
		8708FD791BD8D5A4001CD5EC /* Debug */ = {
			isa = XCBuildConfiguration;
			buildSettings = {
				OTHER_LDFLAGS = "-ObjC";
				PRODUCT_NAME = "$(TARGET_NAME)";
				SKIP_INSTALL = YES;
			};
			name = Debug;
		};
		8708FD7A1BD8D5A4001CD5EC /* Release */ = {
			isa = XCBuildConfiguration;
			buildSettings = {
				OTHER_LDFLAGS = "-ObjC";
				PRODUCT_NAME = "$(TARGET_NAME)";
				SKIP_INSTALL = YES;
			};
			name = Release;
		};
/* End XCBuildConfiguration section */

/* Begin XCConfigurationList section */
		8708FD6A1BD8D5A4001CD5EC /* Build configuration list for PBXProject "rnutils" */ = {
			isa = XCConfigurationList;
			buildConfigurations = (
				8708FD761BD8D5A4001CD5EC /* Debug */,
				8708FD771BD8D5A4001CD5EC /* Release */,
			);
			defaultConfigurationIsVisible = 0;
			defaultConfigurationName = Release;
		};
		8708FD781BD8D5A4001CD5EC /* Build configuration list for PBXNativeTarget "rnutils" */ = {
			isa = XCConfigurationList;
			buildConfigurations = (
				8708FD791BD8D5A4001CD5EC /* Debug */,
				8708FD7A1BD8D5A4001CD5EC /* Release */,
			);
			defaultConfigurationIsVisible = 0;
			defaultConfigurationName = Release;
		};
/* End XCConfigurationList section */
	};
	rootObject = 8708FD671BD8D5A4001CD5EC /* Project object */;
}
